
Microsoft Visual Studio Solution File, Format Version 12.00
# Visual Studio Version 17
VisualStudioVersion = 17.0.31903.59
MinimumVisualStudioVersion = 10.0.40219.1
Project("{2150E333-8FDC-42A3-9474-1A3956D46DE8}") = "src", "src", "{827E0CD3-B72D-47B6-A68D-7590B98EB39B}"
EndProject
Project("{FAE04EC0-301F-11D3-BF4B-00C04F79EFBC}") = "Sample.Data", "src\Sample.Data\Sample.Data.csproj", "{4675F02F-5720-446C-B4FD-04C168D1132A}"
EndProject
Project("{2150E333-8FDC-42A3-9474-1A3956D46DE8}") = "tests", "tests", "{0AB3BF05-4346-4AA6-1389-037BE0695223}"
EndProject
Project("{FAE04EC0-301F-11D3-BF4B-00C04F79EFBC}") = "Sample.Data.IntegrationTests", "tests\Sample.Data.IntegrationTests\Sample.Data.IntegrationTests.csproj", "{99318844-83F9-4ABB-B75B-C081554455ED}"
EndProject
Global
	GlobalSection(SolutionConfigurationPlatforms) = preSolution
		Debug|Any CPU = Debug|Any CPU
		Debug|x64 = Debug|x64
		Debug|x86 = Debug|x86
		Release|Any CPU = Release|Any CPU
		Release|x64 = Release|x64
		Release|x86 = Release|x86
	EndGlobalSection
	GlobalSection(ProjectConfigurationPlatforms) = postSolution
		{4675F02F-5720-446C-B4FD-04C168D1132A}.Debug|Any CPU.ActiveCfg = Debug|Any CPU
		{4675F02F-5720-446C-B4FD-04C168D1132A}.Debug|Any CPU.Build.0 = Debug|Any CPU
		{4675F02F-5720-446C-B4FD-04C168D1132A}.Debug|x64.ActiveCfg = Debug|Any CPU
		{4675F02F-5720-446C-B4FD-04C168D1132A}.Debug|x64.Build.0 = Debug|Any CPU
		{4675F02F-5720-446C-B4FD-04C168D1132A}.Debug|x86.ActiveCfg = Debug|Any CPU
		{4675F02F-5720-446C-B4FD-04C168D1132A}.Debug|x86.Build.0 = Debug|Any CPU
		{4675F02F-5720-446C-B4FD-04C168D1132A}.Release|Any CPU.ActiveCfg = Release|Any CPU
		{4675F02F-5720-446C-B4FD-04C168D1132A}.Release|Any CPU.Build.0 = Release|Any CPU
		{4675F02F-5720-446C-B4FD-04C168D1132A}.Release|x64.ActiveCfg = Release|Any CPU
		{4675F02F-5720-446C-B4FD-04C168D1132A}.Release|x64.Build.0 = Release|Any CPU
		{4675F02F-5720-446C-B4FD-04C168D1132A}.Release|x86.ActiveCfg = Release|Any CPU
		{4675F02F-5720-446C-B4FD-04C168D1132A}.Release|x86.Build.0 = Release|Any CPU
		{99318844-83F9-4ABB-B75B-C081554455ED}.Debug|Any CPU.ActiveCfg = Debug|Any CPU
		{99318844-83F9-4ABB-B75B-C081554455ED}.Debug|Any CPU.Build.0 = Debug|Any CPU
		{99318844-83F9-4ABB-B75B-C081554455ED}.Debug|x64.ActiveCfg = Debug|Any CPU
		{99318844-83F9-4ABB-B75B-C081554455ED}.Debug|x64.Build.0 = Debug|Any CPU
		{99318844-83F9-4ABB-B75B-C081554455ED}.Debug|x86.ActiveCfg = Debug|Any CPU
		{99318844-83F9-4ABB-B75B-C081554455ED}.Debug|x86.Build.0 = Debug|Any CPU
		{99318844-83F9-4ABB-B75B-C081554455ED}.Release|Any CPU.ActiveCfg = Release|Any CPU
		{99318844-83F9-4ABB-B75B-C081554455ED}.Release|Any CPU.Build.0 = Release|Any CPU
		{99318844-83F9-4ABB-B75B-C081554455ED}.Release|x64.ActiveCfg = Release|Any CPU
		{99318844-83F9-4ABB-B75B-C081554455ED}.Release|x64.Build.0 = Release|Any CPU
		{99318844-83F9-4ABB-B75B-C081554455ED}.Release|x86.ActiveCfg = Release|Any CPU
		{99318844-83F9-4ABB-B75B-C081554455ED}.Release|x86.Build.0 = Release|Any CPU
	EndGlobalSection
	GlobalSection(SolutionProperties) = preSolution
		HideSolutionNode = FALSE
	EndGlobalSection
	GlobalSection(NestedProjects) = preSolution
		{4675F02F-5720-446C-B4FD-04C168D1132A} = {827E0CD3-B72D-47B6-A68D-7590B98EB39B}
		{99318844-83F9-4ABB-B75B-C081554455ED} = {0AB3BF05-4346-4AA6-1389-037BE0695223}
	EndGlobalSection
EndGlobal
